
Microsoft Visual Studio Solution File, Format Version 12.00
# Visual Studio 15
VisualStudioVersion = 15.0.28307.572
MinimumVisualStudioVersion = 10.0.40219.1
Project("{FAE04EC0-301F-11D3-BF4B-00C04F79EFBC}") = "Login", "Login\Login.csproj", "{48D81E36-DE8B-4F2F-B88C-DB0FD55C63D5}"
EndProject
Project("{FAE04EC0-301F-11D3-BF4B-00C04F79EFBC}") = "HTML Tables", "HTML Tables\HTML Tables.csproj", "{D1E6B406-C167-43FE-B068-FD8097CEB9D4}"
EndProject
Project("{FAE04EC0-301F-11D3-BF4B-00C04F79EFBC}") = "HTML Fundamentals", "HTML Fundamentals\HTML Fundamentals.csproj", "{23F9C629-0280-4A76-828F-53859A8918D8}"
EndProject
Project("{FAE04EC0-301F-11D3-BF4B-00C04F79EFBC}") = "HTML Forms and Frames", "HTML Forms and Frames\HTML Forms and Frames.csproj", "{884BF0BB-B7D1-4692-9DD8-F18901531B94}"
EndProject
Global
	GlobalSection(SolutionConfigurationPlatforms) = preSolution
		Debug|Any CPU = Debug|Any CPU
		Release|Any CPU = Release|Any CPU
	EndGlobalSection
	GlobalSection(ProjectConfigurationPlatforms) = postSolution
		{48D81E36-DE8B-4F2F-B88C-DB0FD55C63D5}.Debug|Any CPU.ActiveCfg = Debug|Any CPU
		{48D81E36-DE8B-4F2F-B88C-DB0FD55C63D5}.Debug|Any CPU.Build.0 = Debug|Any CPU
		{48D81E36-DE8B-4F2F-B88C-DB0FD55C63D5}.Release|Any CPU.ActiveCfg = Release|Any CPU
		{48D81E36-DE8B-4F2F-B88C-DB0FD55C63D5}.Release|Any CPU.Build.0 = Release|Any CPU
		{D1E6B406-C167-43FE-B068-FD8097CEB9D4}.Debug|Any CPU.ActiveCfg = Debug|Any CPU
		{D1E6B406-C167-43FE-B068-FD8097CEB9D4}.Debug|Any CPU.Build.0 = Debug|Any CPU
		{D1E6B406-C167-43FE-B068-FD8097CEB9D4}.Release|Any CPU.ActiveCfg = Release|Any CPU
		{D1E6B406-C167-43FE-B068-FD8097CEB9D4}.Release|Any CPU.Build.0 = Release|Any CPU
		{23F9C629-0280-4A76-828F-53859A8918D8}.Debug|Any CPU.ActiveCfg = Debug|Any CPU
		{23F9C629-0280-4A76-828F-53859A8918D8}.Debug|Any CPU.Build.0 = Debug|Any CPU
		{23F9C629-0280-4A76-828F-53859A8918D8}.Release|Any CPU.ActiveCfg = Release|Any CPU
		{23F9C629-0280-4A76-828F-53859A8918D8}.Release|Any CPU.Build.0 = Release|Any CPU
		{884BF0BB-B7D1-4692-9DD8-F18901531B94}.Debug|Any CPU.ActiveCfg = Debug|Any CPU
		{884BF0BB-B7D1-4692-9DD8-F18901531B94}.Debug|Any CPU.Build.0 = Debug|Any CPU
		{884BF0BB-B7D1-4692-9DD8-F18901531B94}.Release|Any CPU.ActiveCfg = Release|Any CPU
		{884BF0BB-B7D1-4692-9DD8-F18901531B94}.Release|Any CPU.Build.0 = Release|Any CPU
	EndGlobalSection
	GlobalSection(SolutionProperties) = preSolution
		HideSolutionNode = FALSE
	EndGlobalSection
	GlobalSection(ExtensibilityGlobals) = postSolution
		SolutionGuid = {28A962B2-AAA5-4CFC-8A4F-835EF1CF5640}
	EndGlobalSection
EndGlobal
